// !$*UTF8*$!
{
	archiveVersion = 1;
	classes = {
	};
	objectVersion = 46;
	objects = {

/* Begin PBXBuildFile section */
		79E497F31B1D309F00080B03 /* AppDelegate.swift in Sources */ = {isa = PBXBuildFile; fileRef = 79E497F21B1D309F00080B03 /* AppDelegate.swift */; };
		79E497F51B1D309F00080B03 /* ViewController.swift in Sources */ = {isa = PBXBuildFile; fileRef = 79E497F41B1D309F00080B03 /* ViewController.swift */; };
		79E497F81B1D309F00080B03 /* Main.storyboard in Resources */ = {isa = PBXBuildFile; fileRef = 79E497F61B1D309F00080B03 /* Main.storyboard */; };
		79E497FA1B1D309F00080B03 /* Images.xcassets in Resources */ = {isa = PBXBuildFile; fileRef = 79E497F91B1D309F00080B03 /* Images.xcassets */; };
		79E497FD1B1D309F00080B03 /* LaunchScreen.xib in Resources */ = {isa = PBXBuildFile; fileRef = 79E497FB1B1D309F00080B03 /* LaunchScreen.xib */; };
		79E498091B1D309F00080B03 /* SingleViewAppPageMoveTests.swift in Sources */ = {isa = PBXBuildFile; fileRef = 79E498081B1D309F00080B03 /* SingleViewAppPageMoveTests.swift */; };
		79E498131B1D30F000080B03 /* nextViewController.swift in Sources */ = {isa = PBXBuildFile; fileRef = 79E498121B1D30F000080B03 /* nextViewController.swift */; };
/* End PBXBuildFile section */

/* Begin PBXContainerItemProxy section */
		79E498031B1D309F00080B03 /* PBXContainerItemProxy */ = {
			isa = PBXContainerItemProxy;
			containerPortal = 79E497E51B1D309F00080B03 /* Project object */;
			proxyType = 1;
			remoteGlobalIDString = 79E497EC1B1D309F00080B03;
			remoteInfo = SingleViewAppPageMove;
		};
/* End PBXContainerItemProxy section */

/* Begin PBXFileReference section */
		79E497ED1B1D309F00080B03 /* SingleViewAppPageMove.app */ = {isa = PBXFileReference; explicitFileType = wrapper.application; includeInIndex = 0; path = SingleViewAppPageMove.app; sourceTree = BUILT_PRODUCTS_DIR; };
		79E497F11B1D309F00080B03 /* Info.plist */ = {isa = PBXFileReference; lastKnownFileType = text.plist.xml; path = Info.plist; sourceTree = "<group>"; };
		79E497F21B1D309F00080B03 /* AppDelegate.swift */ = {isa = PBXFileReference; lastKnownFileType = sourcecode.swift; path = AppDelegate.swift; sourceTree = "<group>"; };
		79E497F41B1D309F00080B03 /* ViewController.swift */ = {isa = PBXFileReference; lastKnownFileType = sourcecode.swift; path = ViewController.swift; sourceTree = "<group>"; };
		79E497F71B1D309F00080B03 /* Base */ = {isa = PBXFileReference; lastKnownFileType = file.storyboard; name = Base; path = Base.lproj/Main.storyboard; sourceTree = "<group>"; };
		79E497F91B1D309F00080B03 /* Images.xcassets */ = {isa = PBXFileReference; lastKnownFileType = folder.assetcatalog; path = Images.xcassets; sourceTree = "<group>"; };
		79E497FC1B1D309F00080B03 /* Base */ = {isa = PBXFileReference; lastKnownFileType = file.xib; name = Base; path = Base.lproj/LaunchScreen.xib; sourceTree = "<group>"; };
		79E498021B1D309F00080B03 /* SingleViewAppPageMoveTests.xctest */ = {isa = PBXFileReference; explicitFileType = wrapper.cfbundle; includeInIndex = 0; path = SingleViewAppPageMoveTests.xctest; sourceTree = BUILT_PRODUCTS_DIR; };
		79E498071B1D309F00080B03 /* Info.plist */ = {isa = PBXFileReference; lastKnownFileType = text.plist.xml; path = Info.plist; sourceTree = "<group>"; };
		79E498081B1D309F00080B03 /* SingleViewAppPageMoveTests.swift */ = {isa = PBXFileReference; lastKnownFileType = sourcecode.swift; path = SingleViewAppPageMoveTests.swift; sourceTree = "<group>"; };
		79E498121B1D30F000080B03 /* nextViewController.swift */ = {isa = PBXFileReference; fileEncoding = 4; lastKnownFileType = sourcecode.swift; path = nextViewController.swift; sourceTree = "<group>"; };
/* End PBXFileReference section */

/* Begin PBXFrameworksBuildPhase section */
		79E497EA1B1D309F00080B03 /* Frameworks */ = {
			isa = PBXFrameworksBuildPhase;
			buildActionMask = 2147483647;
			files = (
			);
			runOnlyForDeploymentPostprocessing = 0;
		};
		79E497FF1B1D309F00080B03 /* Frameworks */ = {
			isa = PBXFrameworksBuildPhase;
			buildActionMask = 2147483647;
			files = (
			);
			runOnlyForDeploymentPostprocessing = 0;
		};
/* End PBXFrameworksBuildPhase section */

/* Begin PBXGroup section */
		79E497E41B1D309F00080B03 = {
			isa = PBXGroup;
			children = (
				79E497EF1B1D309F00080B03 /* SingleViewAppPageMove */,
				79E498051B1D309F00080B03 /* SingleViewAppPageMoveTests */,
				79E497EE1B1D309F00080B03 /* Products */,
			);
			sourceTree = "<group>";
		};
		79E497EE1B1D309F00080B03 /* Products */ = {
			isa = PBXGroup;
			children = (
				79E497ED1B1D309F00080B03 /* SingleViewAppPageMove.app */,
				79E498021B1D309F00080B03 /* SingleViewAppPageMoveTests.xctest */,
			);
			name = Products;
			sourceTree = "<group>";
		};
		79E497EF1B1D309F00080B03 /* SingleViewAppPageMove */ = {
			isa = PBXGroup;
			children = (
				79E497F21B1D309F00080B03 /* AppDelegate.swift */,
				79E497F41B1D309F00080B03 /* ViewController.swift */,
				79E498121B1D30F000080B03 /* nextViewController.swift */,
				79E497F61B1D309F00080B03 /* Main.storyboard */,
				79E497F91B1D309F00080B03 /* Images.xcassets */,
				79E497FB1B1D309F00080B03 /* LaunchScreen.xib */,
				79E497F01B1D309F00080B03 /* Supporting Files */,
			);
			path = SingleViewAppPageMove;
			sourceTree = "<group>";
		};
		79E497F01B1D309F00080B03 /* Supporting Files */ = {
			isa = PBXGroup;
			children = (
				79E497F11B1D309F00080B03 /* Info.plist */,
			);
			name = "Supporting Files";
			sourceTree = "<group>";
		};
		79E498051B1D309F00080B03 /* SingleViewAppPageMoveTests */ = {
			isa = PBXGroup;
			children = (
				79E498081B1D309F00080B03 /* SingleViewAppPageMoveTests.swift */,
				79E498061B1D309F00080B03 /* Supporting Files */,
			);
			path = SingleViewAppPageMoveTests;
			sourceTree = "<group>";
		};
		79E498061B1D309F00080B03 /* Supporting Files */ = {
			isa = PBXGroup;
			children = (
				79E498071B1D309F00080B03 /* Info.plist */,
			);
			name = "Supporting Files";
			sourceTree = "<group>";
		};
/* End PBXGroup section */

/* Begin PBXNativeTarget section */
		79E497EC1B1D309F00080B03 /* SingleViewAppPageMove */ = {
			isa = PBXNativeTarget;
			buildConfigurationList = 79E4980C1B1D309F00080B03 /* Build configuration list for PBXNativeTarget "SingleViewAppPageMove" */;
			buildPhases = (
				79E497E91B1D309F00080B03 /* Sources */,
				79E497EA1B1D309F00080B03 /* Frameworks */,
				79E497EB1B1D309F00080B03 /* Resources */,
			);
			buildRules = (
			);
			dependencies = (
			);
			name = SingleViewAppPageMove;
			productName = SingleViewAppPageMove;
			productReference = 79E497ED1B1D309F00080B03 /* SingleViewAppPageMove.app */;
			productType = "com.apple.product-type.application";
		};
		79E498011B1D309F00080B03 /* SingleViewAppPageMoveTests */ = {
			isa = PBXNativeTarget;
			buildConfigurationList = 79E4980F1B1D309F00080B03 /* Build configuration list for PBXNativeTarget "SingleViewAppPageMoveTests" */;
			buildPhases = (
				79E497FE1B1D309F00080B03 /* Sources */,
				79E497FF1B1D309F00080B03 /* Frameworks */,
				79E498001B1D309F00080B03 /* Resources */,
			);
			buildRules = (
			);
			dependencies = (
				79E498041B1D309F00080B03 /* PBXTargetDependency */,
			);
			name = SingleViewAppPageMoveTests;
			productName = SingleViewAppPageMoveTests;
			productReference = 79E498021B1D309F00080B03 /* SingleViewAppPageMoveTests.xctest */;
			productType = "com.apple.product-type.bundle.unit-test";
		};
/* End PBXNativeTarget section */

/* Begin PBXProject section */
		79E497E51B1D309F00080B03 /* Project object */ = {
			isa = PBXProject;
			attributes = {
				LastUpgradeCheck = 0610;
				ORGANIZATIONNAME = Yasuun;
				TargetAttributes = {
					79E497EC1B1D309F00080B03 = {
						CreatedOnToolsVersion = 6.1.1;
					};
					79E498011B1D309F00080B03 = {
						CreatedOnToolsVersion = 6.1.1;
						TestTargetID = 79E497EC1B1D309F00080B03;
					};
				};
			};
			buildConfigurationList = 79E497E81B1D309F00080B03 /* Build configuration list for PBXProject "SingleViewAppPageMove" */;
			compatibilityVersion = "Xcode 3.2";
			developmentRegion = English;
			hasScannedForEncodings = 0;
			knownRegions = (
				en,
				Base,
			);
			mainGroup = 79E497E41B1D309F00080B03;
			productRefGroup = 79E497EE1B1D309F00080B03 /* Products */;
			projectDirPath = "";
			projectRoot = "";
			targets = (
				79E497EC1B1D309F00080B03 /* SingleViewAppPageMove */,
				79E498011B1D309F00080B03 /* SingleViewAppPageMoveTests */,
			);
		};
/* End PBXProject section */

/* Begin PBXResourcesBuildPhase section */
		79E497EB1B1D309F00080B03 /* Resources */ = {
			isa = PBXResourcesBuildPhase;
			buildActionMask = 2147483647;
			files = (
				79E497F81B1D309F00080B03 /* Main.storyboard in Resources */,
				79E497FD1B1D309F00080B03 /* LaunchScreen.xib in Resources */,
				79E497FA1B1D309F00080B03 /* Images.xcassets in Resources */,
			);
			runOnlyForDeploymentPostprocessing = 0;
		};
		79E498001B1D309F00080B03 /* Resources */ = {
			isa = PBXResourcesBuildPhase;
			buildActionMask = 2147483647;
			files = (
			);
			runOnlyForDeploymentPostprocessing = 0;
		};
/* End PBXResourcesBuildPhase section */

/* Begin PBXSourcesBuildPhase section */
		79E497E91B1D309F00080B03 /* Sources */ = {
			isa = PBXSourcesBuildPhase;
			buildActionMask = 2147483647;
			files = (
				79E498131B1D30F000080B03 /* nextViewController.swift in Sources */,
				79E497F51B1D309F00080B03 /* ViewController.swift in Sources */,
				79E497F31B1D309F00080B03 /* AppDelegate.swift in Sources */,
			);
			runOnlyForDeploymentPostprocessing = 0;
		};
		79E497FE1B1D309F00080B03 /* Sources */ = {
			isa = PBXSourcesBuildPhase;
			buildActionMask = 2147483647;
			files = (
				79E498091B1D309F00080B03 /* SingleViewAppPageMoveTests.swift in Sources */,
			);
			runOnlyForDeploymentPostprocessing = 0;
		};
/* End PBXSourcesBuildPhase section */

/* Begin PBXTargetDependency section */
		79E498041B1D309F00080B03 /* PBXTargetDependency */ = {
			isa = PBXTargetDependency;
			target = 79E497EC1B1D309F00080B03 /* SingleViewAppPageMove */;
			targetProxy = 79E498031B1D309F00080B03 /* PBXContainerItemProxy */;
		};
/* End PBXTargetDependency section */

/* Begin PBXVariantGroup section */
		79E497F61B1D309F00080B03 /* Main.storyboard */ = {
			isa = PBXVariantGroup;
			children = (
				79E497F71B1D309F00080B03 /* Base */,
			);
			name = Main.storyboard;
			sourceTree = "<group>";
		};
		79E497FB1B1D309F00080B03 /* LaunchScreen.xib */ = {
			isa = PBXVariantGroup;
			children = (
				79E497FC1B1D309F00080B03 /* Base */,
			);
			name = LaunchScreen.xib;
			sourceTree = "<group>";
		};
/* End PBXVariantGroup section */

/* Begin XCBuildConfiguration section */
		79E4980A1B1D309F00080B03 /* Debug */ = {
			isa = XCBuildConfiguration;
			buildSettings = {
				ALWAYS_SEARCH_USER_PATHS = NO;
				CLANG_CXX_LANGUAGE_STANDARD = "gnu++0x";
				CLANG_CXX_LIBRARY = "libc++";
				CLANG_ENABLE_MODULES = YES;
				CLANG_ENABLE_OBJC_ARC = YES;
				CLANG_WARN_BOOL_CONVERSION = YES;
				CLANG_WARN_CONSTANT_CONVERSION = YES;
				CLANG_WARN_DIRECT_OBJC_ISA_USAGE = YES_ERROR;
				CLANG_WARN_EMPTY_BODY = YES;
				CLANG_WARN_ENUM_CONVERSION = YES;
				CLANG_WARN_INT_CONVERSION = YES;
				CLANG_WARN_OBJC_ROOT_CLASS = YES_ERROR;
				CLANG_WARN_UNREACHABLE_CODE = YES;
				CLANG_WARN__DUPLICATE_METHOD_MATCH = YES;
				"CODE_SIGN_IDENTITY[sdk=iphoneos*]" = "iPhone Developer";
				COPY_PHASE_STRIP = NO;
				ENABLE_STRICT_OBJC_MSGSEND = YES;
				GCC_C_LANGUAGE_STANDARD = gnu99;
				GCC_DYNAMIC_NO_PIC = NO;
				GCC_OPTIMIZATION_LEVEL = 0;
				GCC_PREPROCESSOR_DEFINITIONS = (
					"DEBUG=1",
					"$(inherited)",
				);
				GCC_SYMBOLS_PRIVATE_EXTERN = NO;
				GCC_WARN_64_TO_32_BIT_CONVERSION = YES;
				GCC_WARN_ABOUT_RETURN_TYPE = YES_ERROR;
				GCC_WARN_UNDECLARED_SELECTOR = YES;
				GCC_WARN_UNINITIALIZED_AUTOS = YES_AGGRESSIVE;
				GCC_WARN_UNUSED_FUNCTION = YES;
				GCC_WARN_UNUSED_VARIABLE = YES;
				IPHONEOS_DEPLOYMENT_TARGET = 8.1;
				MTL_ENABLE_DEBUG_INFO = YES;
				ONLY_ACTIVE_ARCH = YES;
				SDKROOT = iphoneos;
				SWIFT_OPTIMIZATION_LEVEL = "-Onone";
			};
			name = Debug;
		};
		79E4980B1B1D309F00080B03 /* Release */ = {
			isa = XCBuildConfiguration;
			buildSettings = {
				ALWAYS_SEARCH_USER_PATHS = NO;
				CLANG_CXX_LANGUAGE_STANDARD = "gnu++0x";
				CLANG_CXX_LIBRARY = "libc++";
				CLANG_ENABLE_MODULES = YES;
				CLANG_ENABLE_OBJC_ARC = YES;
				CLANG_WARN_BOOL_CONVERSION = YES;
				CLANG_WARN_CONSTANT_CONVERSION = YES;
				CLANG_WARN_DIRECT_OBJC_ISA_USAGE = YES_ERROR;
				CLANG_WARN_EMPTY_BODY = YES;
				CLANG_WARN_ENUM_CONVERSION = YES;
				CLANG_WARN_INT_CONVERSION = YES;
				CLANG_WARN_OBJC_ROOT_CLASS = YES_ERROR;
				CLANG_WARN_UNREACHABLE_CODE = YES;
				CLANG_WARN__DUPLICATE_METHOD_MATCH = YES;
				"CODE_SIGN_IDENTITY[sdk=iphoneos*]" = "iPhone Developer";
				COPY_PHASE_STRIP = YES;
				ENABLE_NS_ASSERTIONS = NO;
				ENABLE_STRICT_OBJC_MSGSEND = YES;
				GCC_C_LANGUAGE_STANDARD = gnu99;
				GCC_WARN_64_TO_32_BIT_CONVERSION = YES;
				GCC_WARN_ABOUT_RETURN_TYPE = YES_ERROR;
				GCC_WARN_UNDECLARED_SELECTOR = YES;
				GCC_WARN_UNINITIALIZED_AUTOS = YES_AGGRESSIVE;
				GCC_WARN_UNUSED_FUNCTION = YES;
				GCC_WARN_UNUSED_VARIABLE = YES;
				IPHONEOS_DEPLOYMENT_TARGET = 8.1;
				MTL_ENABLE_DEBUG_INFO = NO;
				SDKROOT = iphoneos;
				VALIDATE_PRODUCT = YES;
			};
			name = Release;
		};
		79E4980D1B1D309F00080B03 /* Debug */ = {
			isa = XCBuildConfiguration;
			buildSettings = {
				ASSETCATALOG_COMPILER_APPICON_NAME = AppIcon;
				INFOPLIST_FILE = SingleViewAppPageMove/Info.plist;
				LD_RUNPATH_SEARCH_PATHS = "$(inherited) @executable_path/Frameworks";
				PRODUCT_NAME = "$(TARGET_NAME)";
			};
			name = Debug;
		};
		79E4980E1B1D309F00080B03 /* Release */ = {
			isa = XCBuildConfiguration;
			buildSettings = {
				ASSETCATALOG_COMPILER_APPICON_NAME = AppIcon;
				INFOPLIST_FILE = SingleViewAppPageMove/Info.plist;
				LD_RUNPATH_SEARCH_PATHS = "$(inherited) @executable_path/Frameworks";
				PRODUCT_NAME = "$(TARGET_NAME)";
			};
			name = Release;
		};
		79E498101B1D309F00080B03 /* Debug */ = {
			isa = XCBuildConfiguration;
			buildSettings = {
				BUNDLE_LOADER = "$(TEST_HOST)";
				FRAMEWORK_SEARCH_PATHS = (
					"$(SDKROOT)/Developer/Library/Frameworks",
					"$(inherited)",
				);
				GCC_PREPROCESSOR_DEFINITIONS = (
					"DEBUG=1",
					"$(inherited)",
				);
				INFOPLIST_FILE = SingleViewAppPageMoveTests/Info.plist;
				LD_RUNPATH_SEARCH_PATHS = "$(inherited) @executable_path/Frameworks @loader_path/Frameworks";
				PRODUCT_NAME = "$(TARGET_NAME)";
				TEST_HOST = "$(BUILT_PRODUCTS_DIR)/SingleViewAppPageMove.app/SingleViewAppPageMove";
			};
			name = Debug;
		};
		79E498111B1D309F00080B03 /* Release */ = {
			isa = XCBuildConfiguration;
			buildSettings = {
				BUNDLE_LOADER = "$(TEST_HOST)";
				FRAMEWORK_SEARCH_PATHS = (
					"$(SDKROOT)/Developer/Library/Frameworks",
					"$(inherited)",
				);
				INFOPLIST_FILE = SingleViewAppPageMoveTests/Info.plist;
				LD_RUNPATH_SEARCH_PATHS = "$(inherited) @executable_path/Frameworks @loader_path/Frameworks";
				PRODUCT_NAME = "$(TARGET_NAME)";
				TEST_HOST = "$(BUILT_PRODUCTS_DIR)/SingleViewAppPageMove.app/SingleViewAppPageMove";
			};
			name = Release;
		};
/* End XCBuildConfiguration section */

/* Begin XCConfigurationList section */
		79E497E81B1D309F00080B03 /* Build configuration list for PBXProject "SingleViewAppPageMove" */ = {
			isa = XCConfigurationList;
			buildConfigurations = (
				79E4980A1B1D309F00080B03 /* Debug */,
				79E4980B1B1D309F00080B03 /* Release */,
			);
			defaultConfigurationIsVisible = 0;
			defaultConfigurationName = Release;
		};
		79E4980C1B1D309F00080B03 /* Build configuration list for PBXNativeTarget "SingleViewAppPageMove" */ = {
			isa = XCConfigurationList;
			buildConfigurations = (
				79E4980D1B1D309F00080B03 /* Debug */,
				79E4980E1B1D309F00080B03 /* Release */,
			);
			defaultConfigurationIsVisible = 0;
		};
		79E4980F1B1D309F00080B03 /* Build configuration list for PBXNativeTarget "SingleViewAppPageMoveTests" */ = {
			isa = XCConfigurationList;
			buildConfigurations = (
				79E498101B1D309F00080B03 /* Debug */,
				79E498111B1D309F00080B03 /* Release */,
			);
			defaultConfigurationIsVisible = 0;
		};
/* End XCConfigurationList section */
	};
	rootObject = 79E497E51B1D309F00080B03 /* Project object */;
}
