// !$*UTF8*$!
{
	archiveVersion = 1;
	classes = {
	};
	objectVersion = 46;
	objects = {

/* Begin PBXBuildFile section */
		792E25A21B1E93D100544973 /* AppDelegate.swift in Sources */ = {isa = PBXBuildFile; fileRef = 792E25A11B1E93D100544973 /* AppDelegate.swift */; };
		792E25A41B1E93D100544973 /* FirstViewController.swift in Sources */ = {isa = PBXBuildFile; fileRef = 792E25A31B1E93D100544973 /* FirstViewController.swift */; };
		792E25A61B1E93D100544973 /* SecondViewController.swift in Sources */ = {isa = PBXBuildFile; fileRef = 792E25A51B1E93D100544973 /* SecondViewController.swift */; };
		792E25A91B1E93D100544973 /* Main.storyboard in Resources */ = {isa = PBXBuildFile; fileRef = 792E25A71B1E93D100544973 /* Main.storyboard */; };
		792E25AB1B1E93D100544973 /* Images.xcassets in Resources */ = {isa = PBXBuildFile; fileRef = 792E25AA1B1E93D100544973 /* Images.xcassets */; };
		792E25AE1B1E93D100544973 /* LaunchScreen.xib in Resources */ = {isa = PBXBuildFile; fileRef = 792E25AC1B1E93D100544973 /* LaunchScreen.xib */; };
		792E25BA1B1E93D100544973 /* TabbedAppSampleTests.swift in Sources */ = {isa = PBXBuildFile; fileRef = 792E25B91B1E93D100544973 /* TabbedAppSampleTests.swift */; };
/* End PBXBuildFile section */

/* Begin PBXContainerItemProxy section */
		792E25B41B1E93D100544973 /* PBXContainerItemProxy */ = {
			isa = PBXContainerItemProxy;
			containerPortal = 792E25941B1E93D100544973 /* Project object */;
			proxyType = 1;
			remoteGlobalIDString = 792E259B1B1E93D100544973;
			remoteInfo = TabbedAppSample;
		};
/* End PBXContainerItemProxy section */

/* Begin PBXFileReference section */
		792E259C1B1E93D100544973 /* TabbedAppSample.app */ = {isa = PBXFileReference; explicitFileType = wrapper.application; includeInIndex = 0; path = TabbedAppSample.app; sourceTree = BUILT_PRODUCTS_DIR; };
		792E25A01B1E93D100544973 /* Info.plist */ = {isa = PBXFileReference; lastKnownFileType = text.plist.xml; path = Info.plist; sourceTree = "<group>"; };
		792E25A11B1E93D100544973 /* AppDelegate.swift */ = {isa = PBXFileReference; lastKnownFileType = sourcecode.swift; path = AppDelegate.swift; sourceTree = "<group>"; };
		792E25A31B1E93D100544973 /* FirstViewController.swift */ = {isa = PBXFileReference; lastKnownFileType = sourcecode.swift; path = FirstViewController.swift; sourceTree = "<group>"; };
		792E25A51B1E93D100544973 /* SecondViewController.swift */ = {isa = PBXFileReference; lastKnownFileType = sourcecode.swift; path = SecondViewController.swift; sourceTree = "<group>"; };
		792E25A81B1E93D100544973 /* Base */ = {isa = PBXFileReference; lastKnownFileType = file.storyboard; name = Base; path = Base.lproj/Main.storyboard; sourceTree = "<group>"; };
		792E25AA1B1E93D100544973 /* Images.xcassets */ = {isa = PBXFileReference; lastKnownFileType = folder.assetcatalog; path = Images.xcassets; sourceTree = "<group>"; };
		792E25AD1B1E93D100544973 /* Base */ = {isa = PBXFileReference; lastKnownFileType = file.xib; name = Base; path = Base.lproj/LaunchScreen.xib; sourceTree = "<group>"; };
		792E25B31B1E93D100544973 /* TabbedAppSampleTests.xctest */ = {isa = PBXFileReference; explicitFileType = wrapper.cfbundle; includeInIndex = 0; path = TabbedAppSampleTests.xctest; sourceTree = BUILT_PRODUCTS_DIR; };
		792E25B81B1E93D100544973 /* Info.plist */ = {isa = PBXFileReference; lastKnownFileType = text.plist.xml; path = Info.plist; sourceTree = "<group>"; };
		792E25B91B1E93D100544973 /* TabbedAppSampleTests.swift */ = {isa = PBXFileReference; lastKnownFileType = sourcecode.swift; path = TabbedAppSampleTests.swift; sourceTree = "<group>"; };
/* End PBXFileReference section */

/* Begin PBXFrameworksBuildPhase section */
		792E25991B1E93D100544973 /* Frameworks */ = {
			isa = PBXFrameworksBuildPhase;
			buildActionMask = 2147483647;
			files = (
			);
			runOnlyForDeploymentPostprocessing = 0;
		};
		792E25B01B1E93D100544973 /* Frameworks */ = {
			isa = PBXFrameworksBuildPhase;
			buildActionMask = 2147483647;
			files = (
			);
			runOnlyForDeploymentPostprocessing = 0;
		};
/* End PBXFrameworksBuildPhase section */

/* Begin PBXGroup section */
		792E25931B1E93D100544973 = {
			isa = PBXGroup;
			children = (
				792E259E1B1E93D100544973 /* TabbedAppSample */,
				792E25B61B1E93D100544973 /* TabbedAppSampleTests */,
				792E259D1B1E93D100544973 /* Products */,
			);
			sourceTree = "<group>";
		};
		792E259D1B1E93D100544973 /* Products */ = {
			isa = PBXGroup;
			children = (
				792E259C1B1E93D100544973 /* TabbedAppSample.app */,
				792E25B31B1E93D100544973 /* TabbedAppSampleTests.xctest */,
			);
			name = Products;
			sourceTree = "<group>";
		};
		792E259E1B1E93D100544973 /* TabbedAppSample */ = {
			isa = PBXGroup;
			children = (
				792E25A11B1E93D100544973 /* AppDelegate.swift */,
				792E25A31B1E93D100544973 /* FirstViewController.swift */,
				792E25A51B1E93D100544973 /* SecondViewController.swift */,
				792E25A71B1E93D100544973 /* Main.storyboard */,
				792E25AA1B1E93D100544973 /* Images.xcassets */,
				792E25AC1B1E93D100544973 /* LaunchScreen.xib */,
				792E259F1B1E93D100544973 /* Supporting Files */,
			);
			path = TabbedAppSample;
			sourceTree = "<group>";
		};
		792E259F1B1E93D100544973 /* Supporting Files */ = {
			isa = PBXGroup;
			children = (
				792E25A01B1E93D100544973 /* Info.plist */,
			);
			name = "Supporting Files";
			sourceTree = "<group>";
		};
		792E25B61B1E93D100544973 /* TabbedAppSampleTests */ = {
			isa = PBXGroup;
			children = (
				792E25B91B1E93D100544973 /* TabbedAppSampleTests.swift */,
				792E25B71B1E93D100544973 /* Supporting Files */,
			);
			path = TabbedAppSampleTests;
			sourceTree = "<group>";
		};
		792E25B71B1E93D100544973 /* Supporting Files */ = {
			isa = PBXGroup;
			children = (
				792E25B81B1E93D100544973 /* Info.plist */,
			);
			name = "Supporting Files";
			sourceTree = "<group>";
		};
/* End PBXGroup section */

/* Begin PBXNativeTarget section */
		792E259B1B1E93D100544973 /* TabbedAppSample */ = {
			isa = PBXNativeTarget;
			buildConfigurationList = 792E25BD1B1E93D100544973 /* Build configuration list for PBXNativeTarget "TabbedAppSample" */;
			buildPhases = (
				792E25981B1E93D100544973 /* Sources */,
				792E25991B1E93D100544973 /* Frameworks */,
				792E259A1B1E93D100544973 /* Resources */,
			);
			buildRules = (
			);
			dependencies = (
			);
			name = TabbedAppSample;
			productName = TabbedAppSample;
			productReference = 792E259C1B1E93D100544973 /* TabbedAppSample.app */;
			productType = "com.apple.product-type.application";
		};
		792E25B21B1E93D100544973 /* TabbedAppSampleTests */ = {
			isa = PBXNativeTarget;
			buildConfigurationList = 792E25C01B1E93D100544973 /* Build configuration list for PBXNativeTarget "TabbedAppSampleTests" */;
			buildPhases = (
				792E25AF1B1E93D100544973 /* Sources */,
				792E25B01B1E93D100544973 /* Frameworks */,
				792E25B11B1E93D100544973 /* Resources */,
			);
			buildRules = (
			);
			dependencies = (
				792E25B51B1E93D100544973 /* PBXTargetDependency */,
			);
			name = TabbedAppSampleTests;
			productName = TabbedAppSampleTests;
			productReference = 792E25B31B1E93D100544973 /* TabbedAppSampleTests.xctest */;
			productType = "com.apple.product-type.bundle.unit-test";
		};
/* End PBXNativeTarget section */

/* Begin PBXProject section */
		792E25941B1E93D100544973 /* Project object */ = {
			isa = PBXProject;
			attributes = {
				LastUpgradeCheck = 0610;
				ORGANIZATIONNAME = Yasuun;
				TargetAttributes = {
					792E259B1B1E93D100544973 = {
						CreatedOnToolsVersion = 6.1.1;
					};
					792E25B21B1E93D100544973 = {
						CreatedOnToolsVersion = 6.1.1;
						TestTargetID = 792E259B1B1E93D100544973;
					};
				};
			};
			buildConfigurationList = 792E25971B1E93D100544973 /* Build configuration list for PBXProject "TabbedAppSample" */;
			compatibilityVersion = "Xcode 3.2";
			developmentRegion = English;
			hasScannedForEncodings = 0;
			knownRegions = (
				en,
				Base,
			);
			mainGroup = 792E25931B1E93D100544973;
			productRefGroup = 792E259D1B1E93D100544973 /* Products */;
			projectDirPath = "";
			projectRoot = "";
			targets = (
				792E259B1B1E93D100544973 /* TabbedAppSample */,
				792E25B21B1E93D100544973 /* TabbedAppSampleTests */,
			);
		};
/* End PBXProject section */

/* Begin PBXResourcesBuildPhase section */
		792E259A1B1E93D100544973 /* Resources */ = {
			isa = PBXResourcesBuildPhase;
			buildActionMask = 2147483647;
			files = (
				792E25A91B1E93D100544973 /* Main.storyboard in Resources */,
				792E25AE1B1E93D100544973 /* LaunchScreen.xib in Resources */,
				792E25AB1B1E93D100544973 /* Images.xcassets in Resources */,
			);
			runOnlyForDeploymentPostprocessing = 0;
		};
		792E25B11B1E93D100544973 /* Resources */ = {
			isa = PBXResourcesBuildPhase;
			buildActionMask = 2147483647;
			files = (
			);
			runOnlyForDeploymentPostprocessing = 0;
		};
/* End PBXResourcesBuildPhase section */

/* Begin PBXSourcesBuildPhase section */
		792E25981B1E93D100544973 /* Sources */ = {
			isa = PBXSourcesBuildPhase;
			buildActionMask = 2147483647;
			files = (
				792E25A61B1E93D100544973 /* SecondViewController.swift in Sources */,
				792E25A21B1E93D100544973 /* AppDelegate.swift in Sources */,
				792E25A41B1E93D100544973 /* FirstViewController.swift in Sources */,
			);
			runOnlyForDeploymentPostprocessing = 0;
		};
		792E25AF1B1E93D100544973 /* Sources */ = {
			isa = PBXSourcesBuildPhase;
			buildActionMask = 2147483647;
			files = (
				792E25BA1B1E93D100544973 /* TabbedAppSampleTests.swift in Sources */,
			);
			runOnlyForDeploymentPostprocessing = 0;
		};
/* End PBXSourcesBuildPhase section */

/* Begin PBXTargetDependency section */
		792E25B51B1E93D100544973 /* PBXTargetDependency */ = {
			isa = PBXTargetDependency;
			target = 792E259B1B1E93D100544973 /* TabbedAppSample */;
			targetProxy = 792E25B41B1E93D100544973 /* PBXContainerItemProxy */;
		};
/* End PBXTargetDependency section */

/* Begin PBXVariantGroup section */
		792E25A71B1E93D100544973 /* Main.storyboard */ = {
			isa = PBXVariantGroup;
			children = (
				792E25A81B1E93D100544973 /* Base */,
			);
			name = Main.storyboard;
			sourceTree = "<group>";
		};
		792E25AC1B1E93D100544973 /* LaunchScreen.xib */ = {
			isa = PBXVariantGroup;
			children = (
				792E25AD1B1E93D100544973 /* Base */,
			);
			name = LaunchScreen.xib;
			sourceTree = "<group>";
		};
/* End PBXVariantGroup section */

/* Begin XCBuildConfiguration section */
		792E25BB1B1E93D100544973 /* Debug */ = {
			isa = XCBuildConfiguration;
			buildSettings = {
				ALWAYS_SEARCH_USER_PATHS = NO;
				CLANG_CXX_LANGUAGE_STANDARD = "gnu++0x";
				CLANG_CXX_LIBRARY = "libc++";
				CLANG_ENABLE_MODULES = YES;
				CLANG_ENABLE_OBJC_ARC = YES;
				CLANG_WARN_BOOL_CONVERSION = YES;
				CLANG_WARN_CONSTANT_CONVERSION = YES;
				CLANG_WARN_DIRECT_OBJC_ISA_USAGE = YES_ERROR;
				CLANG_WARN_EMPTY_BODY = YES;
				CLANG_WARN_ENUM_CONVERSION = YES;
				CLANG_WARN_INT_CONVERSION = YES;
				CLANG_WARN_OBJC_ROOT_CLASS = YES_ERROR;
				CLANG_WARN_UNREACHABLE_CODE = YES;
				CLANG_WARN__DUPLICATE_METHOD_MATCH = YES;
				"CODE_SIGN_IDENTITY[sdk=iphoneos*]" = "iPhone Developer";
				COPY_PHASE_STRIP = NO;
				ENABLE_STRICT_OBJC_MSGSEND = YES;
				GCC_C_LANGUAGE_STANDARD = gnu99;
				GCC_DYNAMIC_NO_PIC = NO;
				GCC_OPTIMIZATION_LEVEL = 0;
				GCC_PREPROCESSOR_DEFINITIONS = (
					"DEBUG=1",
					"$(inherited)",
				);
				GCC_SYMBOLS_PRIVATE_EXTERN = NO;
				GCC_WARN_64_TO_32_BIT_CONVERSION = YES;
				GCC_WARN_ABOUT_RETURN_TYPE = YES_ERROR;
				GCC_WARN_UNDECLARED_SELECTOR = YES;
				GCC_WARN_UNINITIALIZED_AUTOS = YES_AGGRESSIVE;
				GCC_WARN_UNUSED_FUNCTION = YES;
				GCC_WARN_UNUSED_VARIABLE = YES;
				IPHONEOS_DEPLOYMENT_TARGET = 8.1;
				MTL_ENABLE_DEBUG_INFO = YES;
				ONLY_ACTIVE_ARCH = YES;
				SDKROOT = iphoneos;
				SWIFT_OPTIMIZATION_LEVEL = "-Onone";
			};
			name = Debug;
		};
		792E25BC1B1E93D100544973 /* Release */ = {
			isa = XCBuildConfiguration;
			buildSettings = {
				ALWAYS_SEARCH_USER_PATHS = NO;
				CLANG_CXX_LANGUAGE_STANDARD = "gnu++0x";
				CLANG_CXX_LIBRARY = "libc++";
				CLANG_ENABLE_MODULES = YES;
				CLANG_ENABLE_OBJC_ARC = YES;
				CLANG_WARN_BOOL_CONVERSION = YES;
				CLANG_WARN_CONSTANT_CONVERSION = YES;
				CLANG_WARN_DIRECT_OBJC_ISA_USAGE = YES_ERROR;
				CLANG_WARN_EMPTY_BODY = YES;
				CLANG_WARN_ENUM_CONVERSION = YES;
				CLANG_WARN_INT_CONVERSION = YES;
				CLANG_WARN_OBJC_ROOT_CLASS = YES_ERROR;
				CLANG_WARN_UNREACHABLE_CODE = YES;
				CLANG_WARN__DUPLICATE_METHOD_MATCH = YES;
				"CODE_SIGN_IDENTITY[sdk=iphoneos*]" = "iPhone Developer";
				COPY_PHASE_STRIP = YES;
				ENABLE_NS_ASSERTIONS = NO;
				ENABLE_STRICT_OBJC_MSGSEND = YES;
				GCC_C_LANGUAGE_STANDARD = gnu99;
				GCC_WARN_64_TO_32_BIT_CONVERSION = YES;
				GCC_WARN_ABOUT_RETURN_TYPE = YES_ERROR;
				GCC_WARN_UNDECLARED_SELECTOR = YES;
				GCC_WARN_UNINITIALIZED_AUTOS = YES_AGGRESSIVE;
				GCC_WARN_UNUSED_FUNCTION = YES;
				GCC_WARN_UNUSED_VARIABLE = YES;
				IPHONEOS_DEPLOYMENT_TARGET = 8.1;
				MTL_ENABLE_DEBUG_INFO = NO;
				SDKROOT = iphoneos;
				VALIDATE_PRODUCT = YES;
			};
			name = Release;
		};
		792E25BE1B1E93D100544973 /* Debug */ = {
			isa = XCBuildConfiguration;
			buildSettings = {
				ASSETCATALOG_COMPILER_APPICON_NAME = AppIcon;
				INFOPLIST_FILE = TabbedAppSample/Info.plist;
				LD_RUNPATH_SEARCH_PATHS = "$(inherited) @executable_path/Frameworks";
				PRODUCT_NAME = "$(TARGET_NAME)";
			};
			name = Debug;
		};
		792E25BF1B1E93D100544973 /* Release */ = {
			isa = XCBuildConfiguration;
			buildSettings = {
				ASSETCATALOG_COMPILER_APPICON_NAME = AppIcon;
				INFOPLIST_FILE = TabbedAppSample/Info.plist;
				LD_RUNPATH_SEARCH_PATHS = "$(inherited) @executable_path/Frameworks";
				PRODUCT_NAME = "$(TARGET_NAME)";
			};
			name = Release;
		};
		792E25C11B1E93D100544973 /* Debug */ = {
			isa = XCBuildConfiguration;
			buildSettings = {
				BUNDLE_LOADER = "$(TEST_HOST)";
				FRAMEWORK_SEARCH_PATHS = (
					"$(SDKROOT)/Developer/Library/Frameworks",
					"$(inherited)",
				);
				GCC_PREPROCESSOR_DEFINITIONS = (
					"DEBUG=1",
					"$(inherited)",
				);
				INFOPLIST_FILE = TabbedAppSampleTests/Info.plist;
				LD_RUNPATH_SEARCH_PATHS = "$(inherited) @executable_path/Frameworks @loader_path/Frameworks";
				PRODUCT_NAME = "$(TARGET_NAME)";
				TEST_HOST = "$(BUILT_PRODUCTS_DIR)/TabbedAppSample.app/TabbedAppSample";
			};
			name = Debug;
		};
		792E25C21B1E93D100544973 /* Release */ = {
			isa = XCBuildConfiguration;
			buildSettings = {
				BUNDLE_LOADER = "$(TEST_HOST)";
				FRAMEWORK_SEARCH_PATHS = (
					"$(SDKROOT)/Developer/Library/Frameworks",
					"$(inherited)",
				);
				INFOPLIST_FILE = TabbedAppSampleTests/Info.plist;
				LD_RUNPATH_SEARCH_PATHS = "$(inherited) @executable_path/Frameworks @loader_path/Frameworks";
				PRODUCT_NAME = "$(TARGET_NAME)";
				TEST_HOST = "$(BUILT_PRODUCTS_DIR)/TabbedAppSample.app/TabbedAppSample";
			};
			name = Release;
		};
/* End XCBuildConfiguration section */

/* Begin XCConfigurationList section */
		792E25971B1E93D100544973 /* Build configuration list for PBXProject "TabbedAppSample" */ = {
			isa = XCConfigurationList;
			buildConfigurations = (
				792E25BB1B1E93D100544973 /* Debug */,
				792E25BC1B1E93D100544973 /* Release */,
			);
			defaultConfigurationIsVisible = 0;
			defaultConfigurationName = Release;
		};
		792E25BD1B1E93D100544973 /* Build configuration list for PBXNativeTarget "TabbedAppSample" */ = {
			isa = XCConfigurationList;
			buildConfigurations = (
				792E25BE1B1E93D100544973 /* Debug */,
				792E25BF1B1E93D100544973 /* Release */,
			);
			defaultConfigurationIsVisible = 0;
		};
		792E25C01B1E93D100544973 /* Build configuration list for PBXNativeTarget "TabbedAppSampleTests" */ = {
			isa = XCConfigurationList;
			buildConfigurations = (
				792E25C11B1E93D100544973 /* Debug */,
				792E25C21B1E93D100544973 /* Release */,
			);
			defaultConfigurationIsVisible = 0;
		};
/* End XCConfigurationList section */
	};
	rootObject = 792E25941B1E93D100544973 /* Project object */;
}
