// !$*UTF8*$!
{
	archiveVersion = 1;
	classes = {
	};
	objectVersion = 46;
	objects = {

/* Begin PBXBuildFile section */
		79FFEE3D1B1A2139004ADFFC /* AppDelegate.swift in Sources */ = {isa = PBXBuildFile; fileRef = 79FFEE3C1B1A2139004ADFFC /* AppDelegate.swift */; };
		79FFEE3F1B1A2139004ADFFC /* ViewController.swift in Sources */ = {isa = PBXBuildFile; fileRef = 79FFEE3E1B1A2139004ADFFC /* ViewController.swift */; };
		79FFEE421B1A2139004ADFFC /* Main.storyboard in Resources */ = {isa = PBXBuildFile; fileRef = 79FFEE401B1A2139004ADFFC /* Main.storyboard */; };
		79FFEE441B1A2139004ADFFC /* Images.xcassets in Resources */ = {isa = PBXBuildFile; fileRef = 79FFEE431B1A2139004ADFFC /* Images.xcassets */; };
		79FFEE471B1A2139004ADFFC /* LaunchScreen.xib in Resources */ = {isa = PBXBuildFile; fileRef = 79FFEE451B1A2139004ADFFC /* LaunchScreen.xib */; };
		79FFEE531B1A213A004ADFFC /* WebViewTestTests.swift in Sources */ = {isa = PBXBuildFile; fileRef = 79FFEE521B1A213A004ADFFC /* WebViewTestTests.swift */; };
/* End PBXBuildFile section */

/* Begin PBXContainerItemProxy section */
		79FFEE4D1B1A213A004ADFFC /* PBXContainerItemProxy */ = {
			isa = PBXContainerItemProxy;
			containerPortal = 79FFEE2F1B1A2139004ADFFC /* Project object */;
			proxyType = 1;
			remoteGlobalIDString = 79FFEE361B1A2139004ADFFC;
			remoteInfo = WebViewTest;
		};
/* End PBXContainerItemProxy section */

/* Begin PBXFileReference section */
		79FFEE371B1A2139004ADFFC /* WebViewTest.app */ = {isa = PBXFileReference; explicitFileType = wrapper.application; includeInIndex = 0; path = WebViewTest.app; sourceTree = BUILT_PRODUCTS_DIR; };
		79FFEE3B1B1A2139004ADFFC /* Info.plist */ = {isa = PBXFileReference; lastKnownFileType = text.plist.xml; path = Info.plist; sourceTree = "<group>"; };
		79FFEE3C1B1A2139004ADFFC /* AppDelegate.swift */ = {isa = PBXFileReference; lastKnownFileType = sourcecode.swift; path = AppDelegate.swift; sourceTree = "<group>"; };
		79FFEE3E1B1A2139004ADFFC /* ViewController.swift */ = {isa = PBXFileReference; lastKnownFileType = sourcecode.swift; path = ViewController.swift; sourceTree = "<group>"; };
		79FFEE411B1A2139004ADFFC /* Base */ = {isa = PBXFileReference; lastKnownFileType = file.storyboard; name = Base; path = Base.lproj/Main.storyboard; sourceTree = "<group>"; };
		79FFEE431B1A2139004ADFFC /* Images.xcassets */ = {isa = PBXFileReference; lastKnownFileType = folder.assetcatalog; path = Images.xcassets; sourceTree = "<group>"; };
		79FFEE461B1A2139004ADFFC /* Base */ = {isa = PBXFileReference; lastKnownFileType = file.xib; name = Base; path = Base.lproj/LaunchScreen.xib; sourceTree = "<group>"; };
		79FFEE4C1B1A213A004ADFFC /* WebViewTestTests.xctest */ = {isa = PBXFileReference; explicitFileType = wrapper.cfbundle; includeInIndex = 0; path = WebViewTestTests.xctest; sourceTree = BUILT_PRODUCTS_DIR; };
		79FFEE511B1A213A004ADFFC /* Info.plist */ = {isa = PBXFileReference; lastKnownFileType = text.plist.xml; path = Info.plist; sourceTree = "<group>"; };
		79FFEE521B1A213A004ADFFC /* WebViewTestTests.swift */ = {isa = PBXFileReference; lastKnownFileType = sourcecode.swift; path = WebViewTestTests.swift; sourceTree = "<group>"; };
/* End PBXFileReference section */

/* Begin PBXFrameworksBuildPhase section */
		79FFEE341B1A2139004ADFFC /* Frameworks */ = {
			isa = PBXFrameworksBuildPhase;
			buildActionMask = 2147483647;
			files = (
			);
			runOnlyForDeploymentPostprocessing = 0;
		};
		79FFEE491B1A213A004ADFFC /* Frameworks */ = {
			isa = PBXFrameworksBuildPhase;
			buildActionMask = 2147483647;
			files = (
			);
			runOnlyForDeploymentPostprocessing = 0;
		};
/* End PBXFrameworksBuildPhase section */

/* Begin PBXGroup section */
		79FFEE2E1B1A2139004ADFFC = {
			isa = PBXGroup;
			children = (
				79FFEE391B1A2139004ADFFC /* WebViewTest */,
				79FFEE4F1B1A213A004ADFFC /* WebViewTestTests */,
				79FFEE381B1A2139004ADFFC /* Products */,
			);
			sourceTree = "<group>";
		};
		79FFEE381B1A2139004ADFFC /* Products */ = {
			isa = PBXGroup;
			children = (
				79FFEE371B1A2139004ADFFC /* WebViewTest.app */,
				79FFEE4C1B1A213A004ADFFC /* WebViewTestTests.xctest */,
			);
			name = Products;
			sourceTree = "<group>";
		};
		79FFEE391B1A2139004ADFFC /* WebViewTest */ = {
			isa = PBXGroup;
			children = (
				79FFEE3C1B1A2139004ADFFC /* AppDelegate.swift */,
				79FFEE3E1B1A2139004ADFFC /* ViewController.swift */,
				79FFEE401B1A2139004ADFFC /* Main.storyboard */,
				79FFEE431B1A2139004ADFFC /* Images.xcassets */,
				79FFEE451B1A2139004ADFFC /* LaunchScreen.xib */,
				79FFEE3A1B1A2139004ADFFC /* Supporting Files */,
			);
			path = WebViewTest;
			sourceTree = "<group>";
		};
		79FFEE3A1B1A2139004ADFFC /* Supporting Files */ = {
			isa = PBXGroup;
			children = (
				79FFEE3B1B1A2139004ADFFC /* Info.plist */,
			);
			name = "Supporting Files";
			sourceTree = "<group>";
		};
		79FFEE4F1B1A213A004ADFFC /* WebViewTestTests */ = {
			isa = PBXGroup;
			children = (
				79FFEE521B1A213A004ADFFC /* WebViewTestTests.swift */,
				79FFEE501B1A213A004ADFFC /* Supporting Files */,
			);
			path = WebViewTestTests;
			sourceTree = "<group>";
		};
		79FFEE501B1A213A004ADFFC /* Supporting Files */ = {
			isa = PBXGroup;
			children = (
				79FFEE511B1A213A004ADFFC /* Info.plist */,
			);
			name = "Supporting Files";
			sourceTree = "<group>";
		};
/* End PBXGroup section */

/* Begin PBXNativeTarget section */
		79FFEE361B1A2139004ADFFC /* WebViewTest */ = {
			isa = PBXNativeTarget;
			buildConfigurationList = 79FFEE561B1A213A004ADFFC /* Build configuration list for PBXNativeTarget "WebViewTest" */;
			buildPhases = (
				79FFEE331B1A2139004ADFFC /* Sources */,
				79FFEE341B1A2139004ADFFC /* Frameworks */,
				79FFEE351B1A2139004ADFFC /* Resources */,
			);
			buildRules = (
			);
			dependencies = (
			);
			name = WebViewTest;
			productName = WebViewTest;
			productReference = 79FFEE371B1A2139004ADFFC /* WebViewTest.app */;
			productType = "com.apple.product-type.application";
		};
		79FFEE4B1B1A213A004ADFFC /* WebViewTestTests */ = {
			isa = PBXNativeTarget;
			buildConfigurationList = 79FFEE591B1A213A004ADFFC /* Build configuration list for PBXNativeTarget "WebViewTestTests" */;
			buildPhases = (
				79FFEE481B1A213A004ADFFC /* Sources */,
				79FFEE491B1A213A004ADFFC /* Frameworks */,
				79FFEE4A1B1A213A004ADFFC /* Resources */,
			);
			buildRules = (
			);
			dependencies = (
				79FFEE4E1B1A213A004ADFFC /* PBXTargetDependency */,
			);
			name = WebViewTestTests;
			productName = WebViewTestTests;
			productReference = 79FFEE4C1B1A213A004ADFFC /* WebViewTestTests.xctest */;
			productType = "com.apple.product-type.bundle.unit-test";
		};
/* End PBXNativeTarget section */

/* Begin PBXProject section */
		79FFEE2F1B1A2139004ADFFC /* Project object */ = {
			isa = PBXProject;
			attributes = {
				LastUpgradeCheck = 0610;
				ORGANIZATIONNAME = Yasuun;
				TargetAttributes = {
					79FFEE361B1A2139004ADFFC = {
						CreatedOnToolsVersion = 6.1.1;
					};
					79FFEE4B1B1A213A004ADFFC = {
						CreatedOnToolsVersion = 6.1.1;
						TestTargetID = 79FFEE361B1A2139004ADFFC;
					};
				};
			};
			buildConfigurationList = 79FFEE321B1A2139004ADFFC /* Build configuration list for PBXProject "WebViewTest" */;
			compatibilityVersion = "Xcode 3.2";
			developmentRegion = English;
			hasScannedForEncodings = 0;
			knownRegions = (
				en,
				Base,
			);
			mainGroup = 79FFEE2E1B1A2139004ADFFC;
			productRefGroup = 79FFEE381B1A2139004ADFFC /* Products */;
			projectDirPath = "";
			projectRoot = "";
			targets = (
				79FFEE361B1A2139004ADFFC /* WebViewTest */,
				79FFEE4B1B1A213A004ADFFC /* WebViewTestTests */,
			);
		};
/* End PBXProject section */

/* Begin PBXResourcesBuildPhase section */
		79FFEE351B1A2139004ADFFC /* Resources */ = {
			isa = PBXResourcesBuildPhase;
			buildActionMask = 2147483647;
			files = (
				79FFEE421B1A2139004ADFFC /* Main.storyboard in Resources */,
				79FFEE471B1A2139004ADFFC /* LaunchScreen.xib in Resources */,
				79FFEE441B1A2139004ADFFC /* Images.xcassets in Resources */,
			);
			runOnlyForDeploymentPostprocessing = 0;
		};
		79FFEE4A1B1A213A004ADFFC /* Resources */ = {
			isa = PBXResourcesBuildPhase;
			buildActionMask = 2147483647;
			files = (
			);
			runOnlyForDeploymentPostprocessing = 0;
		};
/* End PBXResourcesBuildPhase section */

/* Begin PBXSourcesBuildPhase section */
		79FFEE331B1A2139004ADFFC /* Sources */ = {
			isa = PBXSourcesBuildPhase;
			buildActionMask = 2147483647;
			files = (
				79FFEE3F1B1A2139004ADFFC /* ViewController.swift in Sources */,
				79FFEE3D1B1A2139004ADFFC /* AppDelegate.swift in Sources */,
			);
			runOnlyForDeploymentPostprocessing = 0;
		};
		79FFEE481B1A213A004ADFFC /* Sources */ = {
			isa = PBXSourcesBuildPhase;
			buildActionMask = 2147483647;
			files = (
				79FFEE531B1A213A004ADFFC /* WebViewTestTests.swift in Sources */,
			);
			runOnlyForDeploymentPostprocessing = 0;
		};
/* End PBXSourcesBuildPhase section */

/* Begin PBXTargetDependency section */
		79FFEE4E1B1A213A004ADFFC /* PBXTargetDependency */ = {
			isa = PBXTargetDependency;
			target = 79FFEE361B1A2139004ADFFC /* WebViewTest */;
			targetProxy = 79FFEE4D1B1A213A004ADFFC /* PBXContainerItemProxy */;
		};
/* End PBXTargetDependency section */

/* Begin PBXVariantGroup section */
		79FFEE401B1A2139004ADFFC /* Main.storyboard */ = {
			isa = PBXVariantGroup;
			children = (
				79FFEE411B1A2139004ADFFC /* Base */,
			);
			name = Main.storyboard;
			sourceTree = "<group>";
		};
		79FFEE451B1A2139004ADFFC /* LaunchScreen.xib */ = {
			isa = PBXVariantGroup;
			children = (
				79FFEE461B1A2139004ADFFC /* Base */,
			);
			name = LaunchScreen.xib;
			sourceTree = "<group>";
		};
/* End PBXVariantGroup section */

/* Begin XCBuildConfiguration section */
		79FFEE541B1A213A004ADFFC /* Debug */ = {
			isa = XCBuildConfiguration;
			buildSettings = {
				ALWAYS_SEARCH_USER_PATHS = NO;
				CLANG_CXX_LANGUAGE_STANDARD = "gnu++0x";
				CLANG_CXX_LIBRARY = "libc++";
				CLANG_ENABLE_MODULES = YES;
				CLANG_ENABLE_OBJC_ARC = YES;
				CLANG_WARN_BOOL_CONVERSION = YES;
				CLANG_WARN_CONSTANT_CONVERSION = YES;
				CLANG_WARN_DIRECT_OBJC_ISA_USAGE = YES_ERROR;
				CLANG_WARN_EMPTY_BODY = YES;
				CLANG_WARN_ENUM_CONVERSION = YES;
				CLANG_WARN_INT_CONVERSION = YES;
				CLANG_WARN_OBJC_ROOT_CLASS = YES_ERROR;
				CLANG_WARN_UNREACHABLE_CODE = YES;
				CLANG_WARN__DUPLICATE_METHOD_MATCH = YES;
				"CODE_SIGN_IDENTITY[sdk=iphoneos*]" = "iPhone Developer";
				COPY_PHASE_STRIP = NO;
				ENABLE_STRICT_OBJC_MSGSEND = YES;
				GCC_C_LANGUAGE_STANDARD = gnu99;
				GCC_DYNAMIC_NO_PIC = NO;
				GCC_OPTIMIZATION_LEVEL = 0;
				GCC_PREPROCESSOR_DEFINITIONS = (
					"DEBUG=1",
					"$(inherited)",
				);
				GCC_SYMBOLS_PRIVATE_EXTERN = NO;
				GCC_WARN_64_TO_32_BIT_CONVERSION = YES;
				GCC_WARN_ABOUT_RETURN_TYPE = YES_ERROR;
				GCC_WARN_UNDECLARED_SELECTOR = YES;
				GCC_WARN_UNINITIALIZED_AUTOS = YES_AGGRESSIVE;
				GCC_WARN_UNUSED_FUNCTION = YES;
				GCC_WARN_UNUSED_VARIABLE = YES;
				IPHONEOS_DEPLOYMENT_TARGET = 8.1;
				MTL_ENABLE_DEBUG_INFO = YES;
				ONLY_ACTIVE_ARCH = YES;
				SDKROOT = iphoneos;
				SWIFT_OPTIMIZATION_LEVEL = "-Onone";
			};
			name = Debug;
		};
		79FFEE551B1A213A004ADFFC /* Release */ = {
			isa = XCBuildConfiguration;
			buildSettings = {
				ALWAYS_SEARCH_USER_PATHS = NO;
				CLANG_CXX_LANGUAGE_STANDARD = "gnu++0x";
				CLANG_CXX_LIBRARY = "libc++";
				CLANG_ENABLE_MODULES = YES;
				CLANG_ENABLE_OBJC_ARC = YES;
				CLANG_WARN_BOOL_CONVERSION = YES;
				CLANG_WARN_CONSTANT_CONVERSION = YES;
				CLANG_WARN_DIRECT_OBJC_ISA_USAGE = YES_ERROR;
				CLANG_WARN_EMPTY_BODY = YES;
				CLANG_WARN_ENUM_CONVERSION = YES;
				CLANG_WARN_INT_CONVERSION = YES;
				CLANG_WARN_OBJC_ROOT_CLASS = YES_ERROR;
				CLANG_WARN_UNREACHABLE_CODE = YES;
				CLANG_WARN__DUPLICATE_METHOD_MATCH = YES;
				"CODE_SIGN_IDENTITY[sdk=iphoneos*]" = "iPhone Developer";
				COPY_PHASE_STRIP = YES;
				ENABLE_NS_ASSERTIONS = NO;
				ENABLE_STRICT_OBJC_MSGSEND = YES;
				GCC_C_LANGUAGE_STANDARD = gnu99;
				GCC_WARN_64_TO_32_BIT_CONVERSION = YES;
				GCC_WARN_ABOUT_RETURN_TYPE = YES_ERROR;
				GCC_WARN_UNDECLARED_SELECTOR = YES;
				GCC_WARN_UNINITIALIZED_AUTOS = YES_AGGRESSIVE;
				GCC_WARN_UNUSED_FUNCTION = YES;
				GCC_WARN_UNUSED_VARIABLE = YES;
				IPHONEOS_DEPLOYMENT_TARGET = 8.1;
				MTL_ENABLE_DEBUG_INFO = NO;
				SDKROOT = iphoneos;
				VALIDATE_PRODUCT = YES;
			};
			name = Release;
		};
		79FFEE571B1A213A004ADFFC /* Debug */ = {
			isa = XCBuildConfiguration;
			buildSettings = {
				ASSETCATALOG_COMPILER_APPICON_NAME = AppIcon;
				INFOPLIST_FILE = WebViewTest/Info.plist;
				LD_RUNPATH_SEARCH_PATHS = "$(inherited) @executable_path/Frameworks";
				PRODUCT_NAME = "$(TARGET_NAME)";
			};
			name = Debug;
		};
		79FFEE581B1A213A004ADFFC /* Release */ = {
			isa = XCBuildConfiguration;
			buildSettings = {
				ASSETCATALOG_COMPILER_APPICON_NAME = AppIcon;
				INFOPLIST_FILE = WebViewTest/Info.plist;
				LD_RUNPATH_SEARCH_PATHS = "$(inherited) @executable_path/Frameworks";
				PRODUCT_NAME = "$(TARGET_NAME)";
			};
			name = Release;
		};
		79FFEE5A1B1A213A004ADFFC /* Debug */ = {
			isa = XCBuildConfiguration;
			buildSettings = {
				BUNDLE_LOADER = "$(TEST_HOST)";
				FRAMEWORK_SEARCH_PATHS = (
					"$(SDKROOT)/Developer/Library/Frameworks",
					"$(inherited)",
				);
				GCC_PREPROCESSOR_DEFINITIONS = (
					"DEBUG=1",
					"$(inherited)",
				);
				INFOPLIST_FILE = WebViewTestTests/Info.plist;
				LD_RUNPATH_SEARCH_PATHS = "$(inherited) @executable_path/Frameworks @loader_path/Frameworks";
				PRODUCT_NAME = "$(TARGET_NAME)";
				TEST_HOST = "$(BUILT_PRODUCTS_DIR)/WebViewTest.app/WebViewTest";
			};
			name = Debug;
		};
		79FFEE5B1B1A213A004ADFFC /* Release */ = {
			isa = XCBuildConfiguration;
			buildSettings = {
				BUNDLE_LOADER = "$(TEST_HOST)";
				FRAMEWORK_SEARCH_PATHS = (
					"$(SDKROOT)/Developer/Library/Frameworks",
					"$(inherited)",
				);
				INFOPLIST_FILE = WebViewTestTests/Info.plist;
				LD_RUNPATH_SEARCH_PATHS = "$(inherited) @executable_path/Frameworks @loader_path/Frameworks";
				PRODUCT_NAME = "$(TARGET_NAME)";
				TEST_HOST = "$(BUILT_PRODUCTS_DIR)/WebViewTest.app/WebViewTest";
			};
			name = Release;
		};
/* End XCBuildConfiguration section */

/* Begin XCConfigurationList section */
		79FFEE321B1A2139004ADFFC /* Build configuration list for PBXProject "WebViewTest" */ = {
			isa = XCConfigurationList;
			buildConfigurations = (
				79FFEE541B1A213A004ADFFC /* Debug */,
				79FFEE551B1A213A004ADFFC /* Release */,
			);
			defaultConfigurationIsVisible = 0;
			defaultConfigurationName = Release;
		};
		79FFEE561B1A213A004ADFFC /* Build configuration list for PBXNativeTarget "WebViewTest" */ = {
			isa = XCConfigurationList;
			buildConfigurations = (
				79FFEE571B1A213A004ADFFC /* Debug */,
				79FFEE581B1A213A004ADFFC /* Release */,
			);
			defaultConfigurationIsVisible = 0;
		};
		79FFEE591B1A213A004ADFFC /* Build configuration list for PBXNativeTarget "WebViewTestTests" */ = {
			isa = XCConfigurationList;
			buildConfigurations = (
				79FFEE5A1B1A213A004ADFFC /* Debug */,
				79FFEE5B1B1A213A004ADFFC /* Release */,
			);
			defaultConfigurationIsVisible = 0;
		};
/* End XCConfigurationList section */
	};
	rootObject = 79FFEE2F1B1A2139004ADFFC /* Project object */;
}
